// !$*UTF8*$!
{
	archiveVersion = 1;
	classes = {
	};
	objectVersion = 50;
	objects = {

/* Begin PBXBuildFile section */
		4870452925845E9600CE100B /* AppDelegate.swift in Sources */ = {isa = PBXBuildFile; fileRef = 4870452825845E9600CE100B /* AppDelegate.swift */; };
		4870452B25845E9600CE100B /* SceneDelegate.swift in Sources */ = {isa = PBXBuildFile; fileRef = 4870452A25845E9600CE100B /* SceneDelegate.swift */; };
		4870452D25845E9600CE100B /* DoorwayViewController.swift in Sources */ = {isa = PBXBuildFile; fileRef = 4870452C25845E9600CE100B /* DoorwayViewController.swift */; };
		4870453225845E9700CE100B /* Assets.xcassets in Resources */ = {isa = PBXBuildFile; fileRef = 4870453125845E9700CE100B /* Assets.xcassets */; };
		4870453525845E9700CE100B /* LaunchScreen.storyboard in Resources */ = {isa = PBXBuildFile; fileRef = 4870453325845E9700CE100B /* LaunchScreen.storyboard */; };
		4870453F258460CB00CE100B /* SuperViewController.swift in Sources */ = {isa = PBXBuildFile; fileRef = 4870453E258460CB00CE100B /* SuperViewController.swift */; };
		487465ED2585C18A002F0C0A /* LocationDetails.swift in Sources */ = {isa = PBXBuildFile; fileRef = 487465EC2585C18A002F0C0A /* LocationDetails.swift */; };
		48C751EF2584730B009B583D /* CoatRoomViewController.swift in Sources */ = {isa = PBXBuildFile; fileRef = 48C751EE2584730B009B583D /* CoatRoomViewController.swift */; };
		48C751F2258478E9009B583D /* LibraryViewController.swift in Sources */ = {isa = PBXBuildFile; fileRef = 48C751F1258478E9009B583D /* LibraryViewController.swift */; };
		48C751F52584AEB0009B583D /* DiningRoomViewController.swift in Sources */ = {isa = PBXBuildFile; fileRef = 48C751F42584AEB0009B583D /* DiningRoomViewController.swift */; };
		48C751F82584AEF2009B583D /* StarisUpViewController.swift in Sources */ = {isa = PBXBuildFile; fileRef = 48C751F72584AEF2009B583D /* StarisUpViewController.swift */; };
		48E9FDDA2585BF2300BAF850 /* Location.swift in Sources */ = {isa = PBXBuildFile; fileRef = 48E9FDD92585BF2300BAF850 /* Location.swift */; };
/* End PBXBuildFile section */

/* Begin PBXFileReference section */
		4870452525845E9600CE100B /* Assignment3.app */ = {isa = PBXFileReference; explicitFileType = wrapper.application; includeInIndex = 0; path = Assignment3.app; sourceTree = BUILT_PRODUCTS_DIR; };
		4870452825845E9600CE100B /* AppDelegate.swift */ = {isa = PBXFileReference; lastKnownFileType = sourcecode.swift; path = AppDelegate.swift; sourceTree = "<group>"; };
		4870452A25845E9600CE100B /* SceneDelegate.swift */ = {isa = PBXFileReference; lastKnownFileType = sourcecode.swift; path = SceneDelegate.swift; sourceTree = "<group>"; };
		4870452C25845E9600CE100B /* DoorwayViewController.swift */ = {isa = PBXFileReference; lastKnownFileType = sourcecode.swift; path = DoorwayViewController.swift; sourceTree = "<group>"; };
		4870453125845E9700CE100B /* Assets.xcassets */ = {isa = PBXFileReference; lastKnownFileType = folder.assetcatalog; path = Assets.xcassets; sourceTree = "<group>"; };
		4870453425845E9700CE100B /* Base */ = {isa = PBXFileReference; lastKnownFileType = file.storyboard; name = Base; path = Base.lproj/LaunchScreen.storyboard; sourceTree = "<group>"; };
		4870453625845E9700CE100B /* Info.plist */ = {isa = PBXFileReference; lastKnownFileType = text.plist.xml; path = Info.plist; sourceTree = "<group>"; };
		4870453E258460CB00CE100B /* SuperViewController.swift */ = {isa = PBXFileReference; lastKnownFileType = sourcecode.swift; path = SuperViewController.swift; sourceTree = "<group>"; };
		487465EC2585C18A002F0C0A /* LocationDetails.swift */ = {isa = PBXFileReference; lastKnownFileType = sourcecode.swift; path = LocationDetails.swift; sourceTree = "<group>"; };
		48C751EE2584730B009B583D /* CoatRoomViewController.swift */ = {isa = PBXFileReference; lastKnownFileType = sourcecode.swift; path = CoatRoomViewController.swift; sourceTree = "<group>"; };
		48C751F1258478E9009B583D /* LibraryViewController.swift */ = {isa = PBXFileReference; lastKnownFileType = sourcecode.swift; path = LibraryViewController.swift; sourceTree = "<group>"; };
		48C751F42584AEB0009B583D /* DiningRoomViewController.swift */ = {isa = PBXFileReference; lastKnownFileType = sourcecode.swift; path = DiningRoomViewController.swift; sourceTree = "<group>"; };
		48C751F72584AEF2009B583D /* StarisUpViewController.swift */ = {isa = PBXFileReference; lastKnownFileType = sourcecode.swift; path = StarisUpViewController.swift; sourceTree = "<group>"; };
		48E9FDD92585BF2300BAF850 /* Location.swift */ = {isa = PBXFileReference; lastKnownFileType = sourcecode.swift; path = Location.swift; sourceTree = "<group>"; };
/* End PBXFileReference section */

/* Begin PBXFrameworksBuildPhase section */
		4870452225845E9600CE100B /* Frameworks */ = {
			isa = PBXFrameworksBuildPhase;
			buildActionMask = 2147483647;
			files = (
			);
			runOnlyForDeploymentPostprocessing = 0;
		};
/* End PBXFrameworksBuildPhase section */

/* Begin PBXGroup section */
		4870451C25845E9600CE100B = {
			isa = PBXGroup;
			children = (
				4870452725845E9600CE100B /* Assignment3 */,
				4870452625845E9600CE100B /* Products */,
			);
			sourceTree = "<group>";
		};
		4870452625845E9600CE100B /* Products */ = {
			isa = PBXGroup;
			children = (
				4870452525845E9600CE100B /* Assignment3.app */,
			);
			name = Products;
			sourceTree = "<group>";
		};
		4870452725845E9600CE100B /* Assignment3 */ = {
			isa = PBXGroup;
			children = (
				4870452825845E9600CE100B /* AppDelegate.swift */,
				4870452A25845E9600CE100B /* SceneDelegate.swift */,
				48E9FDD82585BF0700BAF850 /* Model */,
				487045422584625600CE100B /* Controller */,
				4870453125845E9700CE100B /* Assets.xcassets */,
				4870453325845E9700CE100B /* LaunchScreen.storyboard */,
				4870453625845E9700CE100B /* Info.plist */,
			);
			path = Assignment3;
			sourceTree = "<group>";
		};
		487045422584625600CE100B /* Controller */ = {
			isa = PBXGroup;
			children = (
				4870453E258460CB00CE100B /* SuperViewController.swift */,
				4870452C25845E9600CE100B /* DoorwayViewController.swift */,
				48C751EE2584730B009B583D /* CoatRoomViewController.swift */,
				48C751F1258478E9009B583D /* LibraryViewController.swift */,
				48C751F42584AEB0009B583D /* DiningRoomViewController.swift */,
				48C751F72584AEF2009B583D /* StarisUpViewController.swift */,
			);
			path = Controller;
			sourceTree = "<group>";
		};
		48E9FDD82585BF0700BAF850 /* Model */ = {
			isa = PBXGroup;
			children = (
				48E9FDD92585BF2300BAF850 /* Location.swift */,
				487465EC2585C18A002F0C0A /* LocationDetails.swift */,
			);
			path = Model;
			sourceTree = "<group>";
		};
/* End PBXGroup section */

/* Begin PBXNativeTarget section */
		4870452425845E9600CE100B /* Assignment3 */ = {
			isa = PBXNativeTarget;
			buildConfigurationList = 4870453925845E9700CE100B /* Build configuration list for PBXNativeTarget "Assignment3" */;
			buildPhases = (
				4870452125845E9600CE100B /* Sources */,
				4870452225845E9600CE100B /* Frameworks */,
				4870452325845E9600CE100B /* Resources */,
			);
			buildRules = (
			);
			dependencies = (
			);
			name = Assignment3;
			productName = Assignment3;
			productReference = 4870452525845E9600CE100B /* Assignment3.app */;
			productType = "com.apple.product-type.application";
		};
/* End PBXNativeTarget section */

/* Begin PBXProject section */
		4870451D25845E9600CE100B /* Project object */ = {
			isa = PBXProject;
			attributes = {
				LastSwiftUpdateCheck = 1220;
				LastUpgradeCheck = 1220;
				TargetAttributes = {
					4870452425845E9600CE100B = {
						CreatedOnToolsVersion = 12.2;
					};
				};
			};
			buildConfigurationList = 4870452025845E9600CE100B /* Build configuration list for PBXProject "Assignment3" */;
			compatibilityVersion = "Xcode 9.3";
			developmentRegion = en;
			hasScannedForEncodings = 0;
			knownRegions = (
				en,
				Base,
			);
			mainGroup = 4870451C25845E9600CE100B;
			productRefGroup = 4870452625845E9600CE100B /* Products */;
			projectDirPath = "";
			projectRoot = "";
			targets = (
				4870452425845E9600CE100B /* Assignment3 */,
			);
		};
/* End PBXProject section */

/* Begin PBXResourcesBuildPhase section */
		4870452325845E9600CE100B /* Resources */ = {
			isa = PBXResourcesBuildPhase;
			buildActionMask = 2147483647;
			files = (
				4870453525845E9700CE100B /* LaunchScreen.storyboard in Resources */,
				4870453225845E9700CE100B /* Assets.xcassets in Resources */,
			);
			runOnlyForDeploymentPostprocessing = 0;
		};
/* End PBXResourcesBuildPhase section */

/* Begin PBXSourcesBuildPhase section */
		4870452125845E9600CE100B /* Sources */ = {
			isa = PBXSourcesBuildPhase;
			buildActionMask = 2147483647;
			files = (
				4870452D25845E9600CE100B /* DoorwayViewController.swift in Sources */,
				487465ED2585C18A002F0C0A /* LocationDetails.swift in Sources */,
				48C751F82584AEF2009B583D /* StarisUpViewController.swift in Sources */,
				4870452925845E9600CE100B /* AppDelegate.swift in Sources */,
				4870453F258460CB00CE100B /* SuperViewController.swift in Sources */,
				48E9FDDA2585BF2300BAF850 /* Location.swift in Sources */,
				4870452B25845E9600CE100B /* SceneDelegate.swift in Sources */,
				48C751F2258478E9009B583D /* LibraryViewController.swift in Sources */,
				48C751F52584AEB0009B583D /* DiningRoomViewController.swift in Sources */,
				48C751EF2584730B009B583D /* CoatRoomViewController.swift in Sources */,
			);
			runOnlyForDeploymentPostprocessing = 0;
		};
/* End PBXSourcesBuildPhase section */

/* Begin PBXVariantGroup section */
		4870453325845E9700CE100B /* LaunchScreen.storyboard */ = {
			isa = PBXVariantGroup;
			children = (
				4870453425845E9700CE100B /* Base */,
			);
			name = LaunchScreen.storyboard;
			sourceTree = "<group>";
		};
/* End PBXVariantGroup section */

/* Begin XCBuildConfiguration section */
		4870453725845E9700CE100B /* Debug */ = {
			isa = XCBuildConfiguration;
			buildSettings = {
				ALWAYS_SEARCH_USER_PATHS = NO;
				CLANG_ANALYZER_NONNULL = YES;
				CLANG_ANALYZER_NUMBER_OBJECT_CONVERSION = YES_AGGRESSIVE;
				CLANG_CXX_LANGUAGE_STANDARD = "gnu++14";
				CLANG_CXX_LIBRARY = "libc++";
				CLANG_ENABLE_MODULES = YES;
				CLANG_ENABLE_OBJC_ARC = YES;
				CLANG_ENABLE_OBJC_WEAK = YES;
				CLANG_WARN_BLOCK_CAPTURE_AUTORELEASING = YES;
				CLANG_WARN_BOOL_CONVERSION = YES;
				CLANG_WARN_COMMA = YES;
				CLANG_WARN_CONSTANT_CONVERSION = YES;
				CLANG_WARN_DEPRECATED_OBJC_IMPLEMENTATIONS = YES;
				CLANG_WARN_DIRECT_OBJC_ISA_USAGE = YES_ERROR;
				CLANG_WARN_DOCUMENTATION_COMMENTS = YES;
				CLANG_WARN_EMPTY_BODY = YES;
				CLANG_WARN_ENUM_CONVERSION = YES;
				CLANG_WARN_INFINITE_RECURSION = YES;
				CLANG_WARN_INT_CONVERSION = YES;
				CLANG_WARN_NON_LITERAL_NULL_CONVERSION = YES;
				CLANG_WARN_OBJC_IMPLICIT_RETAIN_SELF = YES;
				CLANG_WARN_OBJC_LITERAL_CONVERSION = YES;
				CLANG_WARN_OBJC_ROOT_CLASS = YES_ERROR;
				CLANG_WARN_QUOTED_INCLUDE_IN_FRAMEWORK_HEADER = YES;
				CLANG_WARN_RANGE_LOOP_ANALYSIS = YES;
				CLANG_WARN_STRICT_PROTOTYPES = YES;
				CLANG_WARN_SUSPICIOUS_MOVE = YES;
				CLANG_WARN_UNGUARDED_AVAILABILITY = YES_AGGRESSIVE;
				CLANG_WARN_UNREACHABLE_CODE = YES;
				CLANG_WARN__DUPLICATE_METHOD_MATCH = YES;
				COPY_PHASE_STRIP = NO;
				DEBUG_INFORMATION_FORMAT = dwarf;
				ENABLE_STRICT_OBJC_MSGSEND = YES;
				ENABLE_TESTABILITY = YES;
				GCC_C_LANGUAGE_STANDARD = gnu11;
				GCC_DYNAMIC_NO_PIC = NO;
				GCC_NO_COMMON_BLOCKS = YES;
				GCC_OPTIMIZATION_LEVEL = 0;
				GCC_PREPROCESSOR_DEFINITIONS = (
					"DEBUG=1",
					"$(inherited)",
				);
				GCC_WARN_64_TO_32_BIT_CONVERSION = YES;
				GCC_WARN_ABOUT_RETURN_TYPE = YES_ERROR;
				GCC_WARN_UNDECLARED_SELECTOR = YES;
				GCC_WARN_UNINITIALIZED_AUTOS = YES_AGGRESSIVE;
				GCC_WARN_UNUSED_FUNCTION = YES;
				GCC_WARN_UNUSED_VARIABLE = YES;
				IPHONEOS_DEPLOYMENT_TARGET = 14.2;
				MTL_ENABLE_DEBUG_INFO = INCLUDE_SOURCE;
				MTL_FAST_MATH = YES;
				ONLY_ACTIVE_ARCH = YES;
				SDKROOT = iphoneos;
				SWIFT_ACTIVE_COMPILATION_CONDITIONS = DEBUG;
				SWIFT_OPTIMIZATION_LEVEL = "-Onone";
			};
			name = Debug;
		};
		4870453825845E9700CE100B /* Release */ = {
			isa = XCBuildConfiguration;
			buildSettings = {
				ALWAYS_SEARCH_USER_PATHS = NO;
				CLANG_ANALYZER_NONNULL = YES;
				CLANG_ANALYZER_NUMBER_OBJECT_CONVERSION = YES_AGGRESSIVE;
				CLANG_CXX_LANGUAGE_STANDARD = "gnu++14";
				CLANG_CXX_LIBRARY = "libc++";
				CLANG_ENABLE_MODULES = YES;
				CLANG_ENABLE_OBJC_ARC = YES;
				CLANG_ENABLE_OBJC_WEAK = YES;
				CLANG_WARN_BLOCK_CAPTURE_AUTORELEASING = YES;
				CLANG_WARN_BOOL_CONVERSION = YES;
				CLANG_WARN_COMMA = YES;
				CLANG_WARN_CONSTANT_CONVERSION = YES;
				CLANG_WARN_DEPRECATED_OBJC_IMPLEMENTATIONS = YES;
				CLANG_WARN_DIRECT_OBJC_ISA_USAGE = YES_ERROR;
				CLANG_WARN_DOCUMENTATION_COMMENTS = YES;
				CLANG_WARN_EMPTY_BODY = YES;
				CLANG_WARN_ENUM_CONVERSION = YES;
				CLANG_WARN_INFINITE_RECURSION = YES;
				CLANG_WARN_INT_CONVERSION = YES;
				CLANG_WARN_NON_LITERAL_NULL_CONVERSION = YES;
				CLANG_WARN_OBJC_IMPLICIT_RETAIN_SELF = YES;
				CLANG_WARN_OBJC_LITERAL_CONVERSION = YES;
				CLANG_WARN_OBJC_ROOT_CLASS = YES_ERROR;
				CLANG_WARN_QUOTED_INCLUDE_IN_FRAMEWORK_HEADER = YES;
				CLANG_WARN_RANGE_LOOP_ANALYSIS = YES;
				CLANG_WARN_STRICT_PROTOTYPES = YES;
				CLANG_WARN_SUSPICIOUS_MOVE = YES;
				CLANG_WARN_UNGUARDED_AVAILABILITY = YES_AGGRESSIVE;
				CLANG_WARN_UNREACHABLE_CODE = YES;
				CLANG_WARN__DUPLICATE_METHOD_MATCH = YES;
				COPY_PHASE_STRIP = NO;
				DEBUG_INFORMATION_FORMAT = "dwarf-with-dsym";
				ENABLE_NS_ASSERTIONS = NO;
				ENABLE_STRICT_OBJC_MSGSEND = YES;
				GCC_C_LANGUAGE_STANDARD = gnu11;
				GCC_NO_COMMON_BLOCKS = YES;
				GCC_WARN_64_TO_32_BIT_CONVERSION = YES;
				GCC_WARN_ABOUT_RETURN_TYPE = YES_ERROR;
				GCC_WARN_UNDECLARED_SELECTOR = YES;
				GCC_WARN_UNINITIALIZED_AUTOS = YES_AGGRESSIVE;
				GCC_WARN_UNUSED_FUNCTION = YES;
				GCC_WARN_UNUSED_VARIABLE = YES;
				IPHONEOS_DEPLOYMENT_TARGET = 14.2;
				MTL_ENABLE_DEBUG_INFO = NO;
				MTL_FAST_MATH = YES;
				SDKROOT = iphoneos;
				SWIFT_COMPILATION_MODE = wholemodule;
				SWIFT_OPTIMIZATION_LEVEL = "-O";
				VALIDATE_PRODUCT = YES;
			};
			name = Release;
		};
		4870453A25845E9700CE100B /* Debug */ = {
			isa = XCBuildConfiguration;
			buildSettings = {
				ASSETCATALOG_COMPILER_APPICON_NAME = AppIcon;
				ASSETCATALOG_COMPILER_GLOBAL_ACCENT_COLOR_NAME = AccentColor;
				CODE_SIGN_STYLE = Automatic;
				DEVELOPMENT_TEAM = 2PTMH7A8WP;
				INFOPLIST_FILE = Assignment3/Info.plist;
				LD_RUNPATH_SEARCH_PATHS = (
					"$(inherited)",
					"@executable_path/Frameworks",
				);
				PRODUCT_BUNDLE_IDENTIFIER = com.TakayukiYamaguchi.Assignment3;
				PRODUCT_NAME = "$(TARGET_NAME)";
				SWIFT_VERSION = 5.0;
				TARGETED_DEVICE_FAMILY = "1,2";
			};
			name = Debug;
		};
		4870453B25845E9700CE100B /* Release */ = {
			isa = XCBuildConfiguration;
			buildSettings = {
				ASSETCATALOG_COMPILER_APPICON_NAME = AppIcon;
				ASSETCATALOG_COMPILER_GLOBAL_ACCENT_COLOR_NAME = AccentColor;
				CODE_SIGN_STYLE = Automatic;
				DEVELOPMENT_TEAM = 2PTMH7A8WP;
				INFOPLIST_FILE = Assignment3/Info.plist;
				LD_RUNPATH_SEARCH_PATHS = (
					"$(inherited)",
					"@executable_path/Frameworks",
				);
				PRODUCT_BUNDLE_IDENTIFIER = com.TakayukiYamaguchi.Assignment3;
				PRODUCT_NAME = "$(TARGET_NAME)";
				SWIFT_VERSION = 5.0;
				TARGETED_DEVICE_FAMILY = "1,2";
			};
			name = Release;
		};
/* End XCBuildConfiguration section */

/* Begin XCConfigurationList section */
		4870452025845E9600CE100B /* Build configuration list for PBXProject "Assignment3" */ = {
			isa = XCConfigurationList;
			buildConfigurations = (
				4870453725845E9700CE100B /* Debug */,
				4870453825845E9700CE100B /* Release */,
			);
			defaultConfigurationIsVisible = 0;
			defaultConfigurationName = Release;
		};
		4870453925845E9700CE100B /* Build configuration list for PBXNativeTarget "Assignment3" */ = {
			isa = XCConfigurationList;
			buildConfigurations = (
				4870453A25845E9700CE100B /* Debug */,
				4870453B25845E9700CE100B /* Release */,
			);
			defaultConfigurationIsVisible = 0;
			defaultConfigurationName = Release;
		};
/* End XCConfigurationList section */
	};
	rootObject = 4870451D25845E9600CE100B /* Project object */;
}
