// !$*UTF8*$!
{
	archiveVersion = 1;
	classes = {
	};
	objectVersion = 50;
	objects = {

/* Begin PBXBuildFile section */
		4809921C25D5F7B100914A8E /* NamedSectionHeaderView.swift in Sources */ = {isa = PBXBuildFile; fileRef = 4809921B25D5F7B100914A8E /* NamedSectionHeaderView.swift */; };
		4809922025D63E6D00914A8E /* PrimarySecondaryTextCollectionViewCell.swift in Sources */ = {isa = PBXBuildFile; fileRef = 4809921F25D63E6D00914A8E /* PrimarySecondaryTextCollectionViewCell.swift */; };
		4837063725D6421F009DB999 /* HabitCollectionViewCell.swift in Sources */ = {isa = PBXBuildFile; fileRef = 4837063625D6421F009DB999 /* HabitCollectionViewCell.swift */; };
		4837063A25D6435E009DB999 /* UIView+ConstraintLayout.swift in Sources */ = {isa = PBXBuildFile; fileRef = 4837063925D6435E009DB999 /* UIView+ConstraintLayout.swift */; };
		4837063F25D64384009DB999 /* HorizontalStackView.swift in Sources */ = {isa = PBXBuildFile; fileRef = 4837063D25D64384009DB999 /* HorizontalStackView.swift */; };
		4837064025D64384009DB999 /* VerticalStackView.swift in Sources */ = {isa = PBXBuildFile; fileRef = 4837063E25D64384009DB999 /* VerticalStackView.swift */; };
		4837064325D645D3009DB999 /* UserCollectionViewCell.swift in Sources */ = {isa = PBXBuildFile; fileRef = 4837064225D645D3009DB999 /* UserCollectionViewCell.swift */; };
		4837064625D64642009DB999 /* User.swift in Sources */ = {isa = PBXBuildFile; fileRef = 4837064525D64642009DB999 /* User.swift */; };
		483A155025D50FF200B6C562 /* AppDelegate.swift in Sources */ = {isa = PBXBuildFile; fileRef = 483A154F25D50FF200B6C562 /* AppDelegate.swift */; };
		483A155225D50FF200B6C562 /* SceneDelegate.swift in Sources */ = {isa = PBXBuildFile; fileRef = 483A155125D50FF200B6C562 /* SceneDelegate.swift */; };
		483A155925D50FF200B6C562 /* Assets.xcassets in Resources */ = {isa = PBXBuildFile; fileRef = 483A155825D50FF200B6C562 /* Assets.xcassets */; };
		483A155C25D50FF200B6C562 /* LaunchScreen.storyboard in Resources */ = {isa = PBXBuildFile; fileRef = 483A155A25D50FF200B6C562 /* LaunchScreen.storyboard */; };
		483A156525D5117000B6C562 /* HomeCollectionViewController.swift in Sources */ = {isa = PBXBuildFile; fileRef = 483A156425D5117000B6C562 /* HomeCollectionViewController.swift */; };
		483A156825D5117F00B6C562 /* HabitCollectionViewController.swift in Sources */ = {isa = PBXBuildFile; fileRef = 483A156725D5117F00B6C562 /* HabitCollectionViewController.swift */; };
		483A156B25D5119600B6C562 /* UserCollectionViewController.swift in Sources */ = {isa = PBXBuildFile; fileRef = 483A156A25D5119600B6C562 /* UserCollectionViewController.swift */; };
		483A156E25D511A800B6C562 /* LogHabitCollectionViewController.swift in Sources */ = {isa = PBXBuildFile; fileRef = 483A156D25D511A800B6C562 /* LogHabitCollectionViewController.swift */; };
		483A157125D511DA00B6C562 /* HabitDetailViewController.swift in Sources */ = {isa = PBXBuildFile; fileRef = 483A157025D511DA00B6C562 /* HabitDetailViewController.swift */; };
		483A157425D511E400B6C562 /* UserDetailViewController.swift in Sources */ = {isa = PBXBuildFile; fileRef = 483A157325D511E400B6C562 /* UserDetailViewController.swift */; };
		483A158125D519C900B6C562 /* Habit.swift in Sources */ = {isa = PBXBuildFile; fileRef = 483A158025D519C900B6C562 /* Habit.swift */; };
		483A158525D51C8500B6C562 /* APIRequest.swift in Sources */ = {isa = PBXBuildFile; fileRef = 483A158425D51C8500B6C562 /* APIRequest.swift */; };
		48420A1D25D75D82006449FD /* HabitStatistics.swift in Sources */ = {isa = PBXBuildFile; fileRef = 48420A1C25D75D82006449FD /* HabitStatistics.swift */; };
		48420A2025D762BC006449FD /* HabitUserDetailCollectionViewCell.swift in Sources */ = {isa = PBXBuildFile; fileRef = 48420A1F25D762BC006449FD /* HabitUserDetailCollectionViewCell.swift */; };
		484C58F925D5DEF6002B74CD /* Settings.swift in Sources */ = {isa = PBXBuildFile; fileRef = 484C58F825D5DEF6002B74CD /* Settings.swift */; };
		484C58FC25D5E853002B74CD /* UICollectionViewDiffableDataSource+ViewModel.swift in Sources */ = {isa = PBXBuildFile; fileRef = 484C58FB25D5E853002B74CD /* UICollectionViewDiffableDataSource+ViewModel.swift */; };
		485F6EB425D521D800EA79D1 /* APIService.swift in Sources */ = {isa = PBXBuildFile; fileRef = 485F6EB325D521D800EA79D1 /* APIService.swift */; };
		489555E425D7C007002BCC92 /* LoggedHabit.swift in Sources */ = {isa = PBXBuildFile; fileRef = 489555E325D7C007002BCC92 /* LoggedHabit.swift */; };
		48B57B1825D77A8C00B335D7 /* UserStatistics.swift in Sources */ = {isa = PBXBuildFile; fileRef = 48B57B1725D77A8C00B335D7 /* UserStatistics.swift */; };
/* End PBXBuildFile section */

/* Begin PBXFileReference section */
		4809921B25D5F7B100914A8E /* NamedSectionHeaderView.swift */ = {isa = PBXFileReference; lastKnownFileType = sourcecode.swift; path = NamedSectionHeaderView.swift; sourceTree = "<group>"; };
		4809921F25D63E6D00914A8E /* PrimarySecondaryTextCollectionViewCell.swift */ = {isa = PBXFileReference; lastKnownFileType = sourcecode.swift; path = PrimarySecondaryTextCollectionViewCell.swift; sourceTree = "<group>"; };
		4837063625D6421F009DB999 /* HabitCollectionViewCell.swift */ = {isa = PBXFileReference; lastKnownFileType = sourcecode.swift; path = HabitCollectionViewCell.swift; sourceTree = "<group>"; };
		4837063925D6435E009DB999 /* UIView+ConstraintLayout.swift */ = {isa = PBXFileReference; fileEncoding = 4; lastKnownFileType = sourcecode.swift; path = "UIView+ConstraintLayout.swift"; sourceTree = "<group>"; };
		4837063D25D64384009DB999 /* HorizontalStackView.swift */ = {isa = PBXFileReference; fileEncoding = 4; lastKnownFileType = sourcecode.swift; path = HorizontalStackView.swift; sourceTree = "<group>"; };
		4837063E25D64384009DB999 /* VerticalStackView.swift */ = {isa = PBXFileReference; fileEncoding = 4; lastKnownFileType = sourcecode.swift; path = VerticalStackView.swift; sourceTree = "<group>"; };
		4837064225D645D3009DB999 /* UserCollectionViewCell.swift */ = {isa = PBXFileReference; lastKnownFileType = sourcecode.swift; path = UserCollectionViewCell.swift; sourceTree = "<group>"; };
		4837064525D64642009DB999 /* User.swift */ = {isa = PBXFileReference; lastKnownFileType = sourcecode.swift; path = User.swift; sourceTree = "<group>"; };
		483A154C25D50FF200B6C562 /* Habits.app */ = {isa = PBXFileReference; explicitFileType = wrapper.application; includeInIndex = 0; path = Habits.app; sourceTree = BUILT_PRODUCTS_DIR; };
		483A154F25D50FF200B6C562 /* AppDelegate.swift */ = {isa = PBXFileReference; lastKnownFileType = sourcecode.swift; path = AppDelegate.swift; sourceTree = "<group>"; };
		483A155125D50FF200B6C562 /* SceneDelegate.swift */ = {isa = PBXFileReference; lastKnownFileType = sourcecode.swift; path = SceneDelegate.swift; sourceTree = "<group>"; };
		483A155825D50FF200B6C562 /* Assets.xcassets */ = {isa = PBXFileReference; lastKnownFileType = folder.assetcatalog; path = Assets.xcassets; sourceTree = "<group>"; };
		483A155B25D50FF200B6C562 /* Base */ = {isa = PBXFileReference; lastKnownFileType = file.storyboard; name = Base; path = Base.lproj/LaunchScreen.storyboard; sourceTree = "<group>"; };
		483A155D25D50FF200B6C562 /* Info.plist */ = {isa = PBXFileReference; lastKnownFileType = text.plist.xml; path = Info.plist; sourceTree = "<group>"; };
		483A156425D5117000B6C562 /* HomeCollectionViewController.swift */ = {isa = PBXFileReference; lastKnownFileType = sourcecode.swift; path = HomeCollectionViewController.swift; sourceTree = "<group>"; };
		483A156725D5117F00B6C562 /* HabitCollectionViewController.swift */ = {isa = PBXFileReference; lastKnownFileType = sourcecode.swift; path = HabitCollectionViewController.swift; sourceTree = "<group>"; };
		483A156A25D5119600B6C562 /* UserCollectionViewController.swift */ = {isa = PBXFileReference; lastKnownFileType = sourcecode.swift; path = UserCollectionViewController.swift; sourceTree = "<group>"; };
		483A156D25D511A800B6C562 /* LogHabitCollectionViewController.swift */ = {isa = PBXFileReference; lastKnownFileType = sourcecode.swift; path = LogHabitCollectionViewController.swift; sourceTree = "<group>"; };
		483A157025D511DA00B6C562 /* HabitDetailViewController.swift */ = {isa = PBXFileReference; lastKnownFileType = sourcecode.swift; path = HabitDetailViewController.swift; sourceTree = "<group>"; };
		483A157325D511E400B6C562 /* UserDetailViewController.swift */ = {isa = PBXFileReference; lastKnownFileType = sourcecode.swift; path = UserDetailViewController.swift; sourceTree = "<group>"; };
		483A158025D519C900B6C562 /* Habit.swift */ = {isa = PBXFileReference; lastKnownFileType = sourcecode.swift; path = Habit.swift; sourceTree = "<group>"; };
		483A158425D51C8500B6C562 /* APIRequest.swift */ = {isa = PBXFileReference; lastKnownFileType = sourcecode.swift; path = APIRequest.swift; sourceTree = "<group>"; };
		48420A1C25D75D82006449FD /* HabitStatistics.swift */ = {isa = PBXFileReference; lastKnownFileType = sourcecode.swift; path = HabitStatistics.swift; sourceTree = "<group>"; };
		48420A1F25D762BC006449FD /* HabitUserDetailCollectionViewCell.swift */ = {isa = PBXFileReference; lastKnownFileType = sourcecode.swift; path = HabitUserDetailCollectionViewCell.swift; sourceTree = "<group>"; };
		484C58F825D5DEF6002B74CD /* Settings.swift */ = {isa = PBXFileReference; lastKnownFileType = sourcecode.swift; path = Settings.swift; sourceTree = "<group>"; };
		484C58FB25D5E853002B74CD /* UICollectionViewDiffableDataSource+ViewModel.swift */ = {isa = PBXFileReference; lastKnownFileType = sourcecode.swift; path = "UICollectionViewDiffableDataSource+ViewModel.swift"; sourceTree = "<group>"; };
		485F6EB325D521D800EA79D1 /* APIService.swift */ = {isa = PBXFileReference; lastKnownFileType = sourcecode.swift; path = APIService.swift; sourceTree = "<group>"; };
		489555E325D7C007002BCC92 /* LoggedHabit.swift */ = {isa = PBXFileReference; lastKnownFileType = sourcecode.swift; path = LoggedHabit.swift; sourceTree = "<group>"; };
		48B57B1725D77A8C00B335D7 /* UserStatistics.swift */ = {isa = PBXFileReference; lastKnownFileType = sourcecode.swift; path = UserStatistics.swift; sourceTree = "<group>"; };
/* End PBXFileReference section */

/* Begin PBXFrameworksBuildPhase section */
		483A154925D50FF200B6C562 /* Frameworks */ = {
			isa = PBXFrameworksBuildPhase;
			buildActionMask = 2147483647;
			files = (
			);
			runOnlyForDeploymentPostprocessing = 0;
		};
/* End PBXFrameworksBuildPhase section */

/* Begin PBXGroup section */
		4809921A25D5F77600914A8E /* View */ = {
			isa = PBXGroup;
			children = (
				4809921B25D5F7B100914A8E /* NamedSectionHeaderView.swift */,
			);
			path = View;
			sourceTree = "<group>";
		};
		4809922225D63E7400914A8E /* Cell */ = {
			isa = PBXGroup;
			children = (
				4809921F25D63E6D00914A8E /* PrimarySecondaryTextCollectionViewCell.swift */,
				4837063625D6421F009DB999 /* HabitCollectionViewCell.swift */,
				4837064225D645D3009DB999 /* UserCollectionViewCell.swift */,
				48420A1F25D762BC006449FD /* HabitUserDetailCollectionViewCell.swift */,
			);
			path = Cell;
			sourceTree = "<group>";
		};
		483A154325D50FF200B6C562 = {
			isa = PBXGroup;
			children = (
				483A154E25D50FF200B6C562 /* Habits */,
				483A154D25D50FF200B6C562 /* Products */,
			);
			sourceTree = "<group>";
		};
		483A154D25D50FF200B6C562 /* Products */ = {
			isa = PBXGroup;
			children = (
				483A154C25D50FF200B6C562 /* Habits.app */,
			);
			name = Products;
			sourceTree = "<group>";
		};
		483A154E25D50FF200B6C562 /* Habits */ = {
			isa = PBXGroup;
			children = (
				483A158425D51C8500B6C562 /* APIRequest.swift */,
				485F6EB325D521D800EA79D1 /* APIService.swift */,
				484C58FB25D5E853002B74CD /* UICollectionViewDiffableDataSource+ViewModel.swift */,
				484C58F825D5DEF6002B74CD /* Settings.swift */,
				4809922225D63E7400914A8E /* Cell */,
				483A157C25D5198D00B6C562 /* Model */,
				4809921A25D5F77600914A8E /* View */,
				483A157B25D5198200B6C562 /* ViewController */,
				483A157925D5197100B6C562 /* Supports */,
				483A155D25D50FF200B6C562 /* Info.plist */,
			);
			path = Habits;
			sourceTree = "<group>";
		};
		483A157925D5197100B6C562 /* Supports */ = {
			isa = PBXGroup;
			children = (
				483A157A25D5197700B6C562 /* Utils */,
				483A154F25D50FF200B6C562 /* AppDelegate.swift */,
				483A155125D50FF200B6C562 /* SceneDelegate.swift */,
				483A155825D50FF200B6C562 /* Assets.xcassets */,
				483A155A25D50FF200B6C562 /* LaunchScreen.storyboard */,
			);
			path = Supports;
			sourceTree = "<group>";
		};
		483A157A25D5197700B6C562 /* Utils */ = {
			isa = PBXGroup;
			children = (
				4837063925D6435E009DB999 /* UIView+ConstraintLayout.swift */,
				4837063D25D64384009DB999 /* HorizontalStackView.swift */,
				4837063E25D64384009DB999 /* VerticalStackView.swift */,
			);
			path = Utils;
			sourceTree = "<group>";
		};
		483A157B25D5198200B6C562 /* ViewController */ = {
			isa = PBXGroup;
			children = (
				483A156425D5117000B6C562 /* HomeCollectionViewController.swift */,
				483A156725D5117F00B6C562 /* HabitCollectionViewController.swift */,
				483A157025D511DA00B6C562 /* HabitDetailViewController.swift */,
				483A156A25D5119600B6C562 /* UserCollectionViewController.swift */,
				483A157325D511E400B6C562 /* UserDetailViewController.swift */,
				483A156D25D511A800B6C562 /* LogHabitCollectionViewController.swift */,
			);
			path = ViewController;
			sourceTree = "<group>";
		};
		483A157C25D5198D00B6C562 /* Model */ = {
			isa = PBXGroup;
			children = (
				483A158025D519C900B6C562 /* Habit.swift */,
				4837064525D64642009DB999 /* User.swift */,
				48420A1C25D75D82006449FD /* HabitStatistics.swift */,
				48B57B1725D77A8C00B335D7 /* UserStatistics.swift */,
				489555E325D7C007002BCC92 /* LoggedHabit.swift */,
			);
			path = Model;
			sourceTree = "<group>";
		};
/* End PBXGroup section */

/* Begin PBXNativeTarget section */
		483A154B25D50FF200B6C562 /* Habits */ = {
			isa = PBXNativeTarget;
			buildConfigurationList = 483A156025D50FF200B6C562 /* Build configuration list for PBXNativeTarget "Habits" */;
			buildPhases = (
				483A154825D50FF200B6C562 /* Sources */,
				483A154925D50FF200B6C562 /* Frameworks */,
				483A154A25D50FF200B6C562 /* Resources */,
			);
			buildRules = (
			);
			dependencies = (
			);
			name = Habits;
			productName = Habits;
			productReference = 483A154C25D50FF200B6C562 /* Habits.app */;
			productType = "com.apple.product-type.application";
		};
/* End PBXNativeTarget section */

/* Begin PBXProject section */
		483A154425D50FF200B6C562 /* Project object */ = {
			isa = PBXProject;
			attributes = {
				LastSwiftUpdateCheck = 1240;
				LastUpgradeCheck = 1240;
				TargetAttributes = {
					483A154B25D50FF200B6C562 = {
						CreatedOnToolsVersion = 12.4;
					};
				};
			};
			buildConfigurationList = 483A154725D50FF200B6C562 /* Build configuration list for PBXProject "Habits" */;
			compatibilityVersion = "Xcode 9.3";
			developmentRegion = en;
			hasScannedForEncodings = 0;
			knownRegions = (
				en,
				Base,
			);
			mainGroup = 483A154325D50FF200B6C562;
			productRefGroup = 483A154D25D50FF200B6C562 /* Products */;
			projectDirPath = "";
			projectRoot = "";
			targets = (
				483A154B25D50FF200B6C562 /* Habits */,
			);
		};
/* End PBXProject section */

/* Begin PBXResourcesBuildPhase section */
		483A154A25D50FF200B6C562 /* Resources */ = {
			isa = PBXResourcesBuildPhase;
			buildActionMask = 2147483647;
			files = (
				483A155C25D50FF200B6C562 /* LaunchScreen.storyboard in Resources */,
				483A155925D50FF200B6C562 /* Assets.xcassets in Resources */,
			);
			runOnlyForDeploymentPostprocessing = 0;
		};
/* End PBXResourcesBuildPhase section */

/* Begin PBXSourcesBuildPhase section */
		483A154825D50FF200B6C562 /* Sources */ = {
			isa = PBXSourcesBuildPhase;
			buildActionMask = 2147483647;
			files = (
				483A156E25D511A800B6C562 /* LogHabitCollectionViewController.swift in Sources */,
				48B57B1825D77A8C00B335D7 /* UserStatistics.swift in Sources */,
				4809921C25D5F7B100914A8E /* NamedSectionHeaderView.swift in Sources */,
				483A156525D5117000B6C562 /* HomeCollectionViewController.swift in Sources */,
				483A157425D511E400B6C562 /* UserDetailViewController.swift in Sources */,
				483A156825D5117F00B6C562 /* HabitCollectionViewController.swift in Sources */,
				485F6EB425D521D800EA79D1 /* APIService.swift in Sources */,
				484C58FC25D5E853002B74CD /* UICollectionViewDiffableDataSource+ViewModel.swift in Sources */,
				4837063725D6421F009DB999 /* HabitCollectionViewCell.swift in Sources */,
				483A157125D511DA00B6C562 /* HabitDetailViewController.swift in Sources */,
				4837064325D645D3009DB999 /* UserCollectionViewCell.swift in Sources */,
				484C58F925D5DEF6002B74CD /* Settings.swift in Sources */,
				483A155025D50FF200B6C562 /* AppDelegate.swift in Sources */,
				483A158125D519C900B6C562 /* Habit.swift in Sources */,
				4837064025D64384009DB999 /* VerticalStackView.swift in Sources */,
				4837063A25D6435E009DB999 /* UIView+ConstraintLayout.swift in Sources */,
				483A155225D50FF200B6C562 /* SceneDelegate.swift in Sources */,
				4809922025D63E6D00914A8E /* PrimarySecondaryTextCollectionViewCell.swift in Sources */,
				4837063F25D64384009DB999 /* HorizontalStackView.swift in Sources */,
				483A158525D51C8500B6C562 /* APIRequest.swift in Sources */,
				483A156B25D5119600B6C562 /* UserCollectionViewController.swift in Sources */,
				4837064625D64642009DB999 /* User.swift in Sources */,
				48420A2025D762BC006449FD /* HabitUserDetailCollectionViewCell.swift in Sources */,
				48420A1D25D75D82006449FD /* HabitStatistics.swift in Sources */,
				489555E425D7C007002BCC92 /* LoggedHabit.swift in Sources */,
			);
			runOnlyForDeploymentPostprocessing = 0;
		};
/* End PBXSourcesBuildPhase section */

/* Begin PBXVariantGroup section */
		483A155A25D50FF200B6C562 /* LaunchScreen.storyboard */ = {
			isa = PBXVariantGroup;
			children = (
				483A155B25D50FF200B6C562 /* Base */,
			);
			name = LaunchScreen.storyboard;
			sourceTree = "<group>";
		};
/* End PBXVariantGroup section */

/* Begin XCBuildConfiguration section */
		483A155E25D50FF200B6C562 /* Debug */ = {
			isa = XCBuildConfiguration;
			buildSettings = {
				ALWAYS_SEARCH_USER_PATHS = NO;
				CLANG_ANALYZER_NONNULL = YES;
				CLANG_ANALYZER_NUMBER_OBJECT_CONVERSION = YES_AGGRESSIVE;
				CLANG_CXX_LANGUAGE_STANDARD = "gnu++14";
				CLANG_CXX_LIBRARY = "libc++";
				CLANG_ENABLE_MODULES = YES;
				CLANG_ENABLE_OBJC_ARC = YES;
				CLANG_ENABLE_OBJC_WEAK = YES;
				CLANG_WARN_BLOCK_CAPTURE_AUTORELEASING = YES;
				CLANG_WARN_BOOL_CONVERSION = YES;
				CLANG_WARN_COMMA = YES;
				CLANG_WARN_CONSTANT_CONVERSION = YES;
				CLANG_WARN_DEPRECATED_OBJC_IMPLEMENTATIONS = YES;
				CLANG_WARN_DIRECT_OBJC_ISA_USAGE = YES_ERROR;
				CLANG_WARN_DOCUMENTATION_COMMENTS = YES;
				CLANG_WARN_EMPTY_BODY = YES;
				CLANG_WARN_ENUM_CONVERSION = YES;
				CLANG_WARN_INFINITE_RECURSION = YES;
				CLANG_WARN_INT_CONVERSION = YES;
				CLANG_WARN_NON_LITERAL_NULL_CONVERSION = YES;
				CLANG_WARN_OBJC_IMPLICIT_RETAIN_SELF = YES;
				CLANG_WARN_OBJC_LITERAL_CONVERSION = YES;
				CLANG_WARN_OBJC_ROOT_CLASS = YES_ERROR;
				CLANG_WARN_QUOTED_INCLUDE_IN_FRAMEWORK_HEADER = YES;
				CLANG_WARN_RANGE_LOOP_ANALYSIS = YES;
				CLANG_WARN_STRICT_PROTOTYPES = YES;
				CLANG_WARN_SUSPICIOUS_MOVE = YES;
				CLANG_WARN_UNGUARDED_AVAILABILITY = YES_AGGRESSIVE;
				CLANG_WARN_UNREACHABLE_CODE = YES;
				CLANG_WARN__DUPLICATE_METHOD_MATCH = YES;
				COPY_PHASE_STRIP = NO;
				DEBUG_INFORMATION_FORMAT = dwarf;
				ENABLE_STRICT_OBJC_MSGSEND = YES;
				ENABLE_TESTABILITY = YES;
				GCC_C_LANGUAGE_STANDARD = gnu11;
				GCC_DYNAMIC_NO_PIC = NO;
				GCC_NO_COMMON_BLOCKS = YES;
				GCC_OPTIMIZATION_LEVEL = 0;
				GCC_PREPROCESSOR_DEFINITIONS = (
					"DEBUG=1",
					"$(inherited)",
				);
				GCC_WARN_64_TO_32_BIT_CONVERSION = YES;
				GCC_WARN_ABOUT_RETURN_TYPE = YES_ERROR;
				GCC_WARN_UNDECLARED_SELECTOR = YES;
				GCC_WARN_UNINITIALIZED_AUTOS = YES_AGGRESSIVE;
				GCC_WARN_UNUSED_FUNCTION = YES;
				GCC_WARN_UNUSED_VARIABLE = YES;
				IPHONEOS_DEPLOYMENT_TARGET = 14.4;
				MTL_ENABLE_DEBUG_INFO = INCLUDE_SOURCE;
				MTL_FAST_MATH = YES;
				ONLY_ACTIVE_ARCH = YES;
				SDKROOT = iphoneos;
				SWIFT_ACTIVE_COMPILATION_CONDITIONS = DEBUG;
				SWIFT_OPTIMIZATION_LEVEL = "-Onone";
			};
			name = Debug;
		};
		483A155F25D50FF200B6C562 /* Release */ = {
			isa = XCBuildConfiguration;
			buildSettings = {
				ALWAYS_SEARCH_USER_PATHS = NO;
				CLANG_ANALYZER_NONNULL = YES;
				CLANG_ANALYZER_NUMBER_OBJECT_CONVERSION = YES_AGGRESSIVE;
				CLANG_CXX_LANGUAGE_STANDARD = "gnu++14";
				CLANG_CXX_LIBRARY = "libc++";
				CLANG_ENABLE_MODULES = YES;
				CLANG_ENABLE_OBJC_ARC = YES;
				CLANG_ENABLE_OBJC_WEAK = YES;
				CLANG_WARN_BLOCK_CAPTURE_AUTORELEASING = YES;
				CLANG_WARN_BOOL_CONVERSION = YES;
				CLANG_WARN_COMMA = YES;
				CLANG_WARN_CONSTANT_CONVERSION = YES;
				CLANG_WARN_DEPRECATED_OBJC_IMPLEMENTATIONS = YES;
				CLANG_WARN_DIRECT_OBJC_ISA_USAGE = YES_ERROR;
				CLANG_WARN_DOCUMENTATION_COMMENTS = YES;
				CLANG_WARN_EMPTY_BODY = YES;
				CLANG_WARN_ENUM_CONVERSION = YES;
				CLANG_WARN_INFINITE_RECURSION = YES;
				CLANG_WARN_INT_CONVERSION = YES;
				CLANG_WARN_NON_LITERAL_NULL_CONVERSION = YES;
				CLANG_WARN_OBJC_IMPLICIT_RETAIN_SELF = YES;
				CLANG_WARN_OBJC_LITERAL_CONVERSION = YES;
				CLANG_WARN_OBJC_ROOT_CLASS = YES_ERROR;
				CLANG_WARN_QUOTED_INCLUDE_IN_FRAMEWORK_HEADER = YES;
				CLANG_WARN_RANGE_LOOP_ANALYSIS = YES;
				CLANG_WARN_STRICT_PROTOTYPES = YES;
				CLANG_WARN_SUSPICIOUS_MOVE = YES;
				CLANG_WARN_UNGUARDED_AVAILABILITY = YES_AGGRESSIVE;
				CLANG_WARN_UNREACHABLE_CODE = YES;
				CLANG_WARN__DUPLICATE_METHOD_MATCH = YES;
				COPY_PHASE_STRIP = NO;
				DEBUG_INFORMATION_FORMAT = "dwarf-with-dsym";
				ENABLE_NS_ASSERTIONS = NO;
				ENABLE_STRICT_OBJC_MSGSEND = YES;
				GCC_C_LANGUAGE_STANDARD = gnu11;
				GCC_NO_COMMON_BLOCKS = YES;
				GCC_WARN_64_TO_32_BIT_CONVERSION = YES;
				GCC_WARN_ABOUT_RETURN_TYPE = YES_ERROR;
				GCC_WARN_UNDECLARED_SELECTOR = YES;
				GCC_WARN_UNINITIALIZED_AUTOS = YES_AGGRESSIVE;
				GCC_WARN_UNUSED_FUNCTION = YES;
				GCC_WARN_UNUSED_VARIABLE = YES;
				IPHONEOS_DEPLOYMENT_TARGET = 14.4;
				MTL_ENABLE_DEBUG_INFO = NO;
				MTL_FAST_MATH = YES;
				SDKROOT = iphoneos;
				SWIFT_COMPILATION_MODE = wholemodule;
				SWIFT_OPTIMIZATION_LEVEL = "-O";
				VALIDATE_PRODUCT = YES;
			};
			name = Release;
		};
		483A156125D50FF200B6C562 /* Debug */ = {
			isa = XCBuildConfiguration;
			buildSettings = {
				ASSETCATALOG_COMPILER_APPICON_NAME = AppIcon;
				ASSETCATALOG_COMPILER_GLOBAL_ACCENT_COLOR_NAME = AccentColor;
				CODE_SIGN_STYLE = Automatic;
				INFOPLIST_FILE = Habits/Info.plist;
				LD_RUNPATH_SEARCH_PATHS = (
					"$(inherited)",
					"@executable_path/Frameworks",
				);
				PRODUCT_BUNDLE_IDENTIFIER = com.TakayukiYamaguchi.Habits;
				PRODUCT_NAME = "$(TARGET_NAME)";
				SWIFT_VERSION = 5.0;
				TARGETED_DEVICE_FAMILY = "1,2";
			};
			name = Debug;
		};
		483A156225D50FF200B6C562 /* Release */ = {
			isa = XCBuildConfiguration;
			buildSettings = {
				ASSETCATALOG_COMPILER_APPICON_NAME = AppIcon;
				ASSETCATALOG_COMPILER_GLOBAL_ACCENT_COLOR_NAME = AccentColor;
				CODE_SIGN_STYLE = Automatic;
				INFOPLIST_FILE = Habits/Info.plist;
				LD_RUNPATH_SEARCH_PATHS = (
					"$(inherited)",
					"@executable_path/Frameworks",
				);
				PRODUCT_BUNDLE_IDENTIFIER = com.TakayukiYamaguchi.Habits;
				PRODUCT_NAME = "$(TARGET_NAME)";
				SWIFT_VERSION = 5.0;
				TARGETED_DEVICE_FAMILY = "1,2";
			};
			name = Release;
		};
/* End XCBuildConfiguration section */

/* Begin XCConfigurationList section */
		483A154725D50FF200B6C562 /* Build configuration list for PBXProject "Habits" */ = {
			isa = XCConfigurationList;
			buildConfigurations = (
				483A155E25D50FF200B6C562 /* Debug */,
				483A155F25D50FF200B6C562 /* Release */,
			);
			defaultConfigurationIsVisible = 0;
			defaultConfigurationName = Release;
		};
		483A156025D50FF200B6C562 /* Build configuration list for PBXNativeTarget "Habits" */ = {
			isa = XCConfigurationList;
			buildConfigurations = (
				483A156125D50FF200B6C562 /* Debug */,
				483A156225D50FF200B6C562 /* Release */,
			);
			defaultConfigurationIsVisible = 0;
			defaultConfigurationName = Release;
		};
/* End XCConfigurationList section */
	};
	rootObject = 483A154425D50FF200B6C562 /* Project object */;
}
