// !$*UTF8*$!
{
	archiveVersion = 1;
	classes = {
	};
	objectVersion = 50;
	objects = {

/* Begin PBXBuildFile section */
		378259A09550D20F0AA1B68C /* Pods_CocoapodsDemo.framework in Frameworks */ = {isa = PBXBuildFile; fileRef = C1532A0B8D7B3C7B6E0914FF /* Pods_CocoapodsDemo.framework */; };
		4EEE3C5125AFB8C8005DF451 /* AppDelegate.swift in Sources */ = {isa = PBXBuildFile; fileRef = 4EEE3C5025AFB8C8005DF451 /* AppDelegate.swift */; };
		4EEE3C5325AFB8C8005DF451 /* SceneDelegate.swift in Sources */ = {isa = PBXBuildFile; fileRef = 4EEE3C5225AFB8C8005DF451 /* SceneDelegate.swift */; };
		4EEE3C5525AFB8C8005DF451 /* ViewController.swift in Sources */ = {isa = PBXBuildFile; fileRef = 4EEE3C5425AFB8C8005DF451 /* ViewController.swift */; };
		4EEE3C5825AFB8C8005DF451 /* Main.storyboard in Resources */ = {isa = PBXBuildFile; fileRef = 4EEE3C5625AFB8C8005DF451 /* Main.storyboard */; };
		4EEE3C5A25AFB8C9005DF451 /* Assets.xcassets in Resources */ = {isa = PBXBuildFile; fileRef = 4EEE3C5925AFB8C9005DF451 /* Assets.xcassets */; };
		4EEE3C5D25AFB8C9005DF451 /* LaunchScreen.storyboard in Resources */ = {isa = PBXBuildFile; fileRef = 4EEE3C5B25AFB8C9005DF451 /* LaunchScreen.storyboard */; };
/* End PBXBuildFile section */

/* Begin PBXFileReference section */
		4EEE3C4D25AFB8C8005DF451 /* CocoapodsDemo.app */ = {isa = PBXFileReference; explicitFileType = wrapper.application; includeInIndex = 0; path = CocoapodsDemo.app; sourceTree = BUILT_PRODUCTS_DIR; };
		4EEE3C5025AFB8C8005DF451 /* AppDelegate.swift */ = {isa = PBXFileReference; lastKnownFileType = sourcecode.swift; path = AppDelegate.swift; sourceTree = "<group>"; };
		4EEE3C5225AFB8C8005DF451 /* SceneDelegate.swift */ = {isa = PBXFileReference; lastKnownFileType = sourcecode.swift; path = SceneDelegate.swift; sourceTree = "<group>"; };
		4EEE3C5425AFB8C8005DF451 /* ViewController.swift */ = {isa = PBXFileReference; lastKnownFileType = sourcecode.swift; path = ViewController.swift; sourceTree = "<group>"; };
		4EEE3C5725AFB8C8005DF451 /* Base */ = {isa = PBXFileReference; lastKnownFileType = file.storyboard; name = Base; path = Base.lproj/Main.storyboard; sourceTree = "<group>"; };
		4EEE3C5925AFB8C9005DF451 /* Assets.xcassets */ = {isa = PBXFileReference; lastKnownFileType = folder.assetcatalog; path = Assets.xcassets; sourceTree = "<group>"; };
		4EEE3C5C25AFB8C9005DF451 /* Base */ = {isa = PBXFileReference; lastKnownFileType = file.storyboard; name = Base; path = Base.lproj/LaunchScreen.storyboard; sourceTree = "<group>"; };
		4EEE3C5E25AFB8C9005DF451 /* Info.plist */ = {isa = PBXFileReference; lastKnownFileType = text.plist.xml; path = Info.plist; sourceTree = "<group>"; };
		555B85AA198FCFC3D0C14B27 /* Pods-CocoapodsDemo.debug.xcconfig */ = {isa = PBXFileReference; includeInIndex = 1; lastKnownFileType = text.xcconfig; name = "Pods-CocoapodsDemo.debug.xcconfig"; path = "Target Support Files/Pods-CocoapodsDemo/Pods-CocoapodsDemo.debug.xcconfig"; sourceTree = "<group>"; };
		9C187AB73ACE8CC4C12A20E3 /* Pods-CocoapodsDemo.release.xcconfig */ = {isa = PBXFileReference; includeInIndex = 1; lastKnownFileType = text.xcconfig; name = "Pods-CocoapodsDemo.release.xcconfig"; path = "Target Support Files/Pods-CocoapodsDemo/Pods-CocoapodsDemo.release.xcconfig"; sourceTree = "<group>"; };
		C1532A0B8D7B3C7B6E0914FF /* Pods_CocoapodsDemo.framework */ = {isa = PBXFileReference; explicitFileType = wrapper.framework; includeInIndex = 0; path = Pods_CocoapodsDemo.framework; sourceTree = BUILT_PRODUCTS_DIR; };
/* End PBXFileReference section */

/* Begin PBXFrameworksBuildPhase section */
		4EEE3C4A25AFB8C8005DF451 /* Frameworks */ = {
			isa = PBXFrameworksBuildPhase;
			buildActionMask = 2147483647;
			files = (
				378259A09550D20F0AA1B68C /* Pods_CocoapodsDemo.framework in Frameworks */,
			);
			runOnlyForDeploymentPostprocessing = 0;
		};
/* End PBXFrameworksBuildPhase section */

/* Begin PBXGroup section */
		4EEE3C4425AFB8C7005DF451 = {
			isa = PBXGroup;
			children = (
				4EEE3C4F25AFB8C8005DF451 /* CocoapodsDemo */,
				4EEE3C4E25AFB8C8005DF451 /* Products */,
				8CABA98FD267D7F8A8693039 /* Pods */,
				A993683EE0B5ABC099C46191 /* Frameworks */,
			);
			sourceTree = "<group>";
		};
		4EEE3C4E25AFB8C8005DF451 /* Products */ = {
			isa = PBXGroup;
			children = (
				4EEE3C4D25AFB8C8005DF451 /* CocoapodsDemo.app */,
			);
			name = Products;
			sourceTree = "<group>";
		};
		4EEE3C4F25AFB8C8005DF451 /* CocoapodsDemo */ = {
			isa = PBXGroup;
			children = (
				4EEE3C5025AFB8C8005DF451 /* AppDelegate.swift */,
				4EEE3C5225AFB8C8005DF451 /* SceneDelegate.swift */,
				4EEE3C5425AFB8C8005DF451 /* ViewController.swift */,
				4EEE3C5625AFB8C8005DF451 /* Main.storyboard */,
				4EEE3C5925AFB8C9005DF451 /* Assets.xcassets */,
				4EEE3C5B25AFB8C9005DF451 /* LaunchScreen.storyboard */,
				4EEE3C5E25AFB8C9005DF451 /* Info.plist */,
			);
			path = CocoapodsDemo;
			sourceTree = "<group>";
		};
		8CABA98FD267D7F8A8693039 /* Pods */ = {
			isa = PBXGroup;
			children = (
				555B85AA198FCFC3D0C14B27 /* Pods-CocoapodsDemo.debug.xcconfig */,
				9C187AB73ACE8CC4C12A20E3 /* Pods-CocoapodsDemo.release.xcconfig */,
			);
			name = Pods;
			path = Pods;
			sourceTree = "<group>";
		};
		A993683EE0B5ABC099C46191 /* Frameworks */ = {
			isa = PBXGroup;
			children = (
				C1532A0B8D7B3C7B6E0914FF /* Pods_CocoapodsDemo.framework */,
			);
			name = Frameworks;
			sourceTree = "<group>";
		};
/* End PBXGroup section */

/* Begin PBXNativeTarget section */
		4EEE3C4C25AFB8C8005DF451 /* CocoapodsDemo */ = {
			isa = PBXNativeTarget;
			buildConfigurationList = 4EEE3C6125AFB8C9005DF451 /* Build configuration list for PBXNativeTarget "CocoapodsDemo" */;
			buildPhases = (
				64A329D2D122B6455957F800 /* [CP] Check Pods Manifest.lock */,
				4EEE3C4925AFB8C8005DF451 /* Sources */,
				4EEE3C4A25AFB8C8005DF451 /* Frameworks */,
				4EEE3C4B25AFB8C8005DF451 /* Resources */,
				7AB39895C7B1CD62CF4D300C /* [CP] Embed Pods Frameworks */,
			);
			buildRules = (
			);
			dependencies = (
			);
			name = CocoapodsDemo;
			productName = CocoapodsDemo;
			productReference = 4EEE3C4D25AFB8C8005DF451 /* CocoapodsDemo.app */;
			productType = "com.apple.product-type.application";
		};
/* End PBXNativeTarget section */

/* Begin PBXProject section */
		4EEE3C4525AFB8C8005DF451 /* Project object */ = {
			isa = PBXProject;
			attributes = {
				LastSwiftUpdateCheck = 1230;
				LastUpgradeCheck = 1230;
				TargetAttributes = {
					4EEE3C4C25AFB8C8005DF451 = {
						CreatedOnToolsVersion = 12.3;
					};
				};
			};
			buildConfigurationList = 4EEE3C4825AFB8C8005DF451 /* Build configuration list for PBXProject "CocoapodsDemo" */;
			compatibilityVersion = "Xcode 9.3";
			developmentRegion = en;
			hasScannedForEncodings = 0;
			knownRegions = (
				en,
				Base,
			);
			mainGroup = 4EEE3C4425AFB8C7005DF451;
			productRefGroup = 4EEE3C4E25AFB8C8005DF451 /* Products */;
			projectDirPath = "";
			projectRoot = "";
			targets = (
				4EEE3C4C25AFB8C8005DF451 /* CocoapodsDemo */,
			);
		};
/* End PBXProject section */

/* Begin PBXResourcesBuildPhase section */
		4EEE3C4B25AFB8C8005DF451 /* Resources */ = {
			isa = PBXResourcesBuildPhase;
			buildActionMask = 2147483647;
			files = (
				4EEE3C5D25AFB8C9005DF451 /* LaunchScreen.storyboard in Resources */,
				4EEE3C5A25AFB8C9005DF451 /* Assets.xcassets in Resources */,
				4EEE3C5825AFB8C8005DF451 /* Main.storyboard in Resources */,
			);
			runOnlyForDeploymentPostprocessing = 0;
		};
/* End PBXResourcesBuildPhase section */

/* Begin PBXShellScriptBuildPhase section */
		64A329D2D122B6455957F800 /* [CP] Check Pods Manifest.lock */ = {
			isa = PBXShellScriptBuildPhase;
			buildActionMask = 2147483647;
			files = (
			);
			inputFileListPaths = (
			);
			inputPaths = (
				"${PODS_PODFILE_DIR_PATH}/Podfile.lock",
				"${PODS_ROOT}/Manifest.lock",
			);
			name = "[CP] Check Pods Manifest.lock";
			outputFileListPaths = (
			);
			outputPaths = (
				"$(DERIVED_FILE_DIR)/Pods-CocoapodsDemo-checkManifestLockResult.txt",
			);
			runOnlyForDeploymentPostprocessing = 0;
			shellPath = /bin/sh;
			shellScript = "diff \"${PODS_PODFILE_DIR_PATH}/Podfile.lock\" \"${PODS_ROOT}/Manifest.lock\" > /dev/null\nif [ $? != 0 ] ; then\n    # print error to STDERR\n    echo \"error: The sandbox is not in sync with the Podfile.lock. Run 'pod install' or update your CocoaPods installation.\" >&2\n    exit 1\nfi\n# This output is used by Xcode 'outputs' to avoid re-running this script phase.\necho \"SUCCESS\" > \"${SCRIPT_OUTPUT_FILE_0}\"\n";
			showEnvVarsInLog = 0;
		};
		7AB39895C7B1CD62CF4D300C /* [CP] Embed Pods Frameworks */ = {
			isa = PBXShellScriptBuildPhase;
			buildActionMask = 2147483647;
			files = (
			);
			inputFileListPaths = (
				"${PODS_ROOT}/Target Support Files/Pods-CocoapodsDemo/Pods-CocoapodsDemo-frameworks-${CONFIGURATION}-input-files.xcfilelist",
			);
			name = "[CP] Embed Pods Frameworks";
			outputFileListPaths = (
				"${PODS_ROOT}/Target Support Files/Pods-CocoapodsDemo/Pods-CocoapodsDemo-frameworks-${CONFIGURATION}-output-files.xcfilelist",
			);
			runOnlyForDeploymentPostprocessing = 0;
			shellPath = /bin/sh;
			shellScript = "\"${PODS_ROOT}/Target Support Files/Pods-CocoapodsDemo/Pods-CocoapodsDemo-frameworks.sh\"\n";
			showEnvVarsInLog = 0;
		};
/* End PBXShellScriptBuildPhase section */

/* Begin PBXSourcesBuildPhase section */
		4EEE3C4925AFB8C8005DF451 /* Sources */ = {
			isa = PBXSourcesBuildPhase;
			buildActionMask = 2147483647;
			files = (
				4EEE3C5525AFB8C8005DF451 /* ViewController.swift in Sources */,
				4EEE3C5125AFB8C8005DF451 /* AppDelegate.swift in Sources */,
				4EEE3C5325AFB8C8005DF451 /* SceneDelegate.swift in Sources */,
			);
			runOnlyForDeploymentPostprocessing = 0;
		};
/* End PBXSourcesBuildPhase section */

/* Begin PBXVariantGroup section */
		4EEE3C5625AFB8C8005DF451 /* Main.storyboard */ = {
			isa = PBXVariantGroup;
			children = (
				4EEE3C5725AFB8C8005DF451 /* Base */,
			);
			name = Main.storyboard;
			sourceTree = "<group>";
		};
		4EEE3C5B25AFB8C9005DF451 /* LaunchScreen.storyboard */ = {
			isa = PBXVariantGroup;
			children = (
				4EEE3C5C25AFB8C9005DF451 /* Base */,
			);
			name = LaunchScreen.storyboard;
			sourceTree = "<group>";
		};
/* End PBXVariantGroup section */

/* Begin XCBuildConfiguration section */
		4EEE3C5F25AFB8C9005DF451 /* Debug */ = {
			isa = XCBuildConfiguration;
			buildSettings = {
				ALWAYS_SEARCH_USER_PATHS = NO;
				CLANG_ANALYZER_NONNULL = YES;
				CLANG_ANALYZER_NUMBER_OBJECT_CONVERSION = YES_AGGRESSIVE;
				CLANG_CXX_LANGUAGE_STANDARD = "gnu++14";
				CLANG_CXX_LIBRARY = "libc++";
				CLANG_ENABLE_MODULES = YES;
				CLANG_ENABLE_OBJC_ARC = YES;
				CLANG_ENABLE_OBJC_WEAK = YES;
				CLANG_WARN_BLOCK_CAPTURE_AUTORELEASING = YES;
				CLANG_WARN_BOOL_CONVERSION = YES;
				CLANG_WARN_COMMA = YES;
				CLANG_WARN_CONSTANT_CONVERSION = YES;
				CLANG_WARN_DEPRECATED_OBJC_IMPLEMENTATIONS = YES;
				CLANG_WARN_DIRECT_OBJC_ISA_USAGE = YES_ERROR;
				CLANG_WARN_DOCUMENTATION_COMMENTS = YES;
				CLANG_WARN_EMPTY_BODY = YES;
				CLANG_WARN_ENUM_CONVERSION = YES;
				CLANG_WARN_INFINITE_RECURSION = YES;
				CLANG_WARN_INT_CONVERSION = YES;
				CLANG_WARN_NON_LITERAL_NULL_CONVERSION = YES;
				CLANG_WARN_OBJC_IMPLICIT_RETAIN_SELF = YES;
				CLANG_WARN_OBJC_LITERAL_CONVERSION = YES;
				CLANG_WARN_OBJC_ROOT_CLASS = YES_ERROR;
				CLANG_WARN_QUOTED_INCLUDE_IN_FRAMEWORK_HEADER = YES;
				CLANG_WARN_RANGE_LOOP_ANALYSIS = YES;
				CLANG_WARN_STRICT_PROTOTYPES = YES;
				CLANG_WARN_SUSPICIOUS_MOVE = YES;
				CLANG_WARN_UNGUARDED_AVAILABILITY = YES_AGGRESSIVE;
				CLANG_WARN_UNREACHABLE_CODE = YES;
				CLANG_WARN__DUPLICATE_METHOD_MATCH = YES;
				COPY_PHASE_STRIP = NO;
				DEBUG_INFORMATION_FORMAT = dwarf;
				ENABLE_STRICT_OBJC_MSGSEND = YES;
				ENABLE_TESTABILITY = YES;
				GCC_C_LANGUAGE_STANDARD = gnu11;
				GCC_DYNAMIC_NO_PIC = NO;
				GCC_NO_COMMON_BLOCKS = YES;
				GCC_OPTIMIZATION_LEVEL = 0;
				GCC_PREPROCESSOR_DEFINITIONS = (
					"DEBUG=1",
					"$(inherited)",
				);
				GCC_WARN_64_TO_32_BIT_CONVERSION = YES;
				GCC_WARN_ABOUT_RETURN_TYPE = YES_ERROR;
				GCC_WARN_UNDECLARED_SELECTOR = YES;
				GCC_WARN_UNINITIALIZED_AUTOS = YES_AGGRESSIVE;
				GCC_WARN_UNUSED_FUNCTION = YES;
				GCC_WARN_UNUSED_VARIABLE = YES;
				IPHONEOS_DEPLOYMENT_TARGET = 14.3;
				MTL_ENABLE_DEBUG_INFO = INCLUDE_SOURCE;
				MTL_FAST_MATH = YES;
				ONLY_ACTIVE_ARCH = YES;
				SDKROOT = iphoneos;
				SWIFT_ACTIVE_COMPILATION_CONDITIONS = DEBUG;
				SWIFT_OPTIMIZATION_LEVEL = "-Onone";
			};
			name = Debug;
		};
		4EEE3C6025AFB8C9005DF451 /* Release */ = {
			isa = XCBuildConfiguration;
			buildSettings = {
				ALWAYS_SEARCH_USER_PATHS = NO;
				CLANG_ANALYZER_NONNULL = YES;
				CLANG_ANALYZER_NUMBER_OBJECT_CONVERSION = YES_AGGRESSIVE;
				CLANG_CXX_LANGUAGE_STANDARD = "gnu++14";
				CLANG_CXX_LIBRARY = "libc++";
				CLANG_ENABLE_MODULES = YES;
				CLANG_ENABLE_OBJC_ARC = YES;
				CLANG_ENABLE_OBJC_WEAK = YES;
				CLANG_WARN_BLOCK_CAPTURE_AUTORELEASING = YES;
				CLANG_WARN_BOOL_CONVERSION = YES;
				CLANG_WARN_COMMA = YES;
				CLANG_WARN_CONSTANT_CONVERSION = YES;
				CLANG_WARN_DEPRECATED_OBJC_IMPLEMENTATIONS = YES;
				CLANG_WARN_DIRECT_OBJC_ISA_USAGE = YES_ERROR;
				CLANG_WARN_DOCUMENTATION_COMMENTS = YES;
				CLANG_WARN_EMPTY_BODY = YES;
				CLANG_WARN_ENUM_CONVERSION = YES;
				CLANG_WARN_INFINITE_RECURSION = YES;
				CLANG_WARN_INT_CONVERSION = YES;
				CLANG_WARN_NON_LITERAL_NULL_CONVERSION = YES;
				CLANG_WARN_OBJC_IMPLICIT_RETAIN_SELF = YES;
				CLANG_WARN_OBJC_LITERAL_CONVERSION = YES;
				CLANG_WARN_OBJC_ROOT_CLASS = YES_ERROR;
				CLANG_WARN_QUOTED_INCLUDE_IN_FRAMEWORK_HEADER = YES;
				CLANG_WARN_RANGE_LOOP_ANALYSIS = YES;
				CLANG_WARN_STRICT_PROTOTYPES = YES;
				CLANG_WARN_SUSPICIOUS_MOVE = YES;
				CLANG_WARN_UNGUARDED_AVAILABILITY = YES_AGGRESSIVE;
				CLANG_WARN_UNREACHABLE_CODE = YES;
				CLANG_WARN__DUPLICATE_METHOD_MATCH = YES;
				COPY_PHASE_STRIP = NO;
				DEBUG_INFORMATION_FORMAT = "dwarf-with-dsym";
				ENABLE_NS_ASSERTIONS = NO;
				ENABLE_STRICT_OBJC_MSGSEND = YES;
				GCC_C_LANGUAGE_STANDARD = gnu11;
				GCC_NO_COMMON_BLOCKS = YES;
				GCC_WARN_64_TO_32_BIT_CONVERSION = YES;
				GCC_WARN_ABOUT_RETURN_TYPE = YES_ERROR;
				GCC_WARN_UNDECLARED_SELECTOR = YES;
				GCC_WARN_UNINITIALIZED_AUTOS = YES_AGGRESSIVE;
				GCC_WARN_UNUSED_FUNCTION = YES;
				GCC_WARN_UNUSED_VARIABLE = YES;
				IPHONEOS_DEPLOYMENT_TARGET = 14.3;
				MTL_ENABLE_DEBUG_INFO = NO;
				MTL_FAST_MATH = YES;
				SDKROOT = iphoneos;
				SWIFT_COMPILATION_MODE = wholemodule;
				SWIFT_OPTIMIZATION_LEVEL = "-O";
				VALIDATE_PRODUCT = YES;
			};
			name = Release;
		};
		4EEE3C6225AFB8C9005DF451 /* Debug */ = {
			isa = XCBuildConfiguration;
			baseConfigurationReference = 555B85AA198FCFC3D0C14B27 /* Pods-CocoapodsDemo.debug.xcconfig */;
			buildSettings = {
				ASSETCATALOG_COMPILER_APPICON_NAME = AppIcon;
				ASSETCATALOG_COMPILER_GLOBAL_ACCENT_COLOR_NAME = AccentColor;
				CODE_SIGN_STYLE = Automatic;
				DEVELOPMENT_TEAM = QZTHY59Q97;
				INFOPLIST_FILE = CocoapodsDemo/Info.plist;
				LD_RUNPATH_SEARCH_PATHS = (
					"$(inherited)",
					"@executable_path/Frameworks",
				);
				PRODUCT_BUNDLE_IDENTIFIER = academy.dpcode.CocoapodsDemo;
				PRODUCT_NAME = "$(TARGET_NAME)";
				SWIFT_VERSION = 5.0;
				TARGETED_DEVICE_FAMILY = "1,2";
			};
			name = Debug;
		};
		4EEE3C6325AFB8C9005DF451 /* Release */ = {
			isa = XCBuildConfiguration;
			baseConfigurationReference = 9C187AB73ACE8CC4C12A20E3 /* Pods-CocoapodsDemo.release.xcconfig */;
			buildSettings = {
				ASSETCATALOG_COMPILER_APPICON_NAME = AppIcon;
				ASSETCATALOG_COMPILER_GLOBAL_ACCENT_COLOR_NAME = AccentColor;
				CODE_SIGN_STYLE = Automatic;
				DEVELOPMENT_TEAM = QZTHY59Q97;
				INFOPLIST_FILE = CocoapodsDemo/Info.plist;
				LD_RUNPATH_SEARCH_PATHS = (
					"$(inherited)",
					"@executable_path/Frameworks",
				);
				PRODUCT_BUNDLE_IDENTIFIER = academy.dpcode.CocoapodsDemo;
				PRODUCT_NAME = "$(TARGET_NAME)";
				SWIFT_VERSION = 5.0;
				TARGETED_DEVICE_FAMILY = "1,2";
			};
			name = Release;
		};
/* End XCBuildConfiguration section */

/* Begin XCConfigurationList section */
		4EEE3C4825AFB8C8005DF451 /* Build configuration list for PBXProject "CocoapodsDemo" */ = {
			isa = XCConfigurationList;
			buildConfigurations = (
				4EEE3C5F25AFB8C9005DF451 /* Debug */,
				4EEE3C6025AFB8C9005DF451 /* Release */,
			);
			defaultConfigurationIsVisible = 0;
			defaultConfigurationName = Release;
		};
		4EEE3C6125AFB8C9005DF451 /* Build configuration list for PBXNativeTarget "CocoapodsDemo" */ = {
			isa = XCConfigurationList;
			buildConfigurations = (
				4EEE3C6225AFB8C9005DF451 /* Debug */,
				4EEE3C6325AFB8C9005DF451 /* Release */,
			);
			defaultConfigurationIsVisible = 0;
			defaultConfigurationName = Release;
		};
/* End XCConfigurationList section */
	};
	rootObject = 4EEE3C4525AFB8C8005DF451 /* Project object */;
}
